// !$*UTF8*$!
{
	archiveVersion = 1;
	classes = {
	};
	objectVersion = 51;
	objects = {

/* Begin PBXBuildFile section */
		3E5BC9827925138FEA34C646 /* Pods_flixster_flixsterUITests.framework in Frameworks */ = {isa = PBXBuildFile; fileRef = 8D172780E2E2CD7C870CEA31 /* Pods_flixster_flixsterUITests.framework */; };
		47FAC1F445B2DB595C06C209 /* Pods_flixster.framework in Frameworks */ = {isa = PBXBuildFile; fileRef = 1676BF0CEF87A562C5DE3872 /* Pods_flixster.framework */; };
		675A9B4B2507483900EA37B5 /* MovieDetailsViewController.swift in Sources */ = {isa = PBXBuildFile; fileRef = 675A9B4A2507483900EA37B5 /* MovieDetailsViewController.swift */; };
		675A9B4D250759ED00EA37B5 /* MovieGridViewController.swift in Sources */ = {isa = PBXBuildFile; fileRef = 675A9B4C250759ED00EA37B5 /* MovieGridViewController.swift */; };
		675A9B4F250766F300EA37B5 /* MovieGridCell.swift in Sources */ = {isa = PBXBuildFile; fileRef = 675A9B4E250766F300EA37B5 /* MovieGridCell.swift */; };
		676EBAC1250AFBD200B6DB46 /* SuperheroMovieDetailsViewController.swift in Sources */ = {isa = PBXBuildFile; fileRef = 676EBAC0250AFBD200B6DB46 /* SuperheroMovieDetailsViewController.swift */; };
		676EBAC3250B4DEE00B6DB46 /* SuperheroMovieTrailerViewController.swift in Sources */ = {isa = PBXBuildFile; fileRef = 676EBAC2250B4DEE00B6DB46 /* SuperheroMovieTrailerViewController.swift */; };
		67AAA63224FF0CEC005FD566 /* MovieCell.swift in Sources */ = {isa = PBXBuildFile; fileRef = 67AAA63124FF0CEC005FD566 /* MovieCell.swift */; };
		67E2A60024FE28FE00A041C4 /* AppDelegate.swift in Sources */ = {isa = PBXBuildFile; fileRef = 67E2A5FF24FE28FE00A041C4 /* AppDelegate.swift */; };
		67E2A60224FE28FE00A041C4 /* SceneDelegate.swift in Sources */ = {isa = PBXBuildFile; fileRef = 67E2A60124FE28FE00A041C4 /* SceneDelegate.swift */; };
		67E2A60424FE28FE00A041C4 /* ViewController.swift in Sources */ = {isa = PBXBuildFile; fileRef = 67E2A60324FE28FE00A041C4 /* ViewController.swift */; };
		67E2A60724FE28FE00A041C4 /* Main.storyboard in Resources */ = {isa = PBXBuildFile; fileRef = 67E2A60524FE28FE00A041C4 /* Main.storyboard */; };
		67E2A60924FE290000A041C4 /* Assets.xcassets in Resources */ = {isa = PBXBuildFile; fileRef = 67E2A60824FE290000A041C4 /* Assets.xcassets */; };
		67E2A60C24FE290000A041C4 /* LaunchScreen.storyboard in Resources */ = {isa = PBXBuildFile; fileRef = 67E2A60A24FE290000A041C4 /* LaunchScreen.storyboard */; };
		67E2A61724FE290000A041C4 /* flixsterTests.swift in Sources */ = {isa = PBXBuildFile; fileRef = 67E2A61624FE290000A041C4 /* flixsterTests.swift */; };
		67E2A62224FE290100A041C4 /* flixsterUITests.swift in Sources */ = {isa = PBXBuildFile; fileRef = 67E2A62124FE290100A041C4 /* flixsterUITests.swift */; };
		67E2A63024FE328800A041C4 /* MoviesViewController.swift in Sources */ = {isa = PBXBuildFile; fileRef = 67E2A62F24FE328800A041C4 /* MoviesViewController.swift */; };
		D5608940661B66ED1860DE31 /* Pods_flixsterTests.framework in Frameworks */ = {isa = PBXBuildFile; fileRef = 382B6F548E0238C053A893BE /* Pods_flixsterTests.framework */; };
/* End PBXBuildFile section */

/* Begin PBXContainerItemProxy section */
		67E2A61324FE290000A041C4 /* PBXContainerItemProxy */ = {
			isa = PBXContainerItemProxy;
			containerPortal = 67E2A5F424FE28FE00A041C4 /* Project object */;
			proxyType = 1;
			remoteGlobalIDString = 67E2A5FB24FE28FE00A041C4;
			remoteInfo = flixster;
		};
		67E2A61E24FE290100A041C4 /* PBXContainerItemProxy */ = {
			isa = PBXContainerItemProxy;
			containerPortal = 67E2A5F424FE28FE00A041C4 /* Project object */;
			proxyType = 1;
			remoteGlobalIDString = 67E2A5FB24FE28FE00A041C4;
			remoteInfo = flixster;
		};
/* End PBXContainerItemProxy section */

/* Begin PBXFileReference section */
		1676BF0CEF87A562C5DE3872 /* Pods_flixster.framework */ = {isa = PBXFileReference; explicitFileType = wrapper.framework; includeInIndex = 0; path = Pods_flixster.framework; sourceTree = BUILT_PRODUCTS_DIR; };
		1C80A293755F45B0349FCFB8 /* Pods-flixster.debug.xcconfig */ = {isa = PBXFileReference; includeInIndex = 1; lastKnownFileType = text.xcconfig; name = "Pods-flixster.debug.xcconfig"; path = "Target Support Files/Pods-flixster/Pods-flixster.debug.xcconfig"; sourceTree = "<group>"; };
		382B6F548E0238C053A893BE /* Pods_flixsterTests.framework */ = {isa = PBXFileReference; explicitFileType = wrapper.framework; includeInIndex = 0; path = Pods_flixsterTests.framework; sourceTree = BUILT_PRODUCTS_DIR; };
		3F4FC87D8A118F2D0CB4494D /* Pods-flixster-flixsterUITests.debug.xcconfig */ = {isa = PBXFileReference; includeInIndex = 1; lastKnownFileType = text.xcconfig; name = "Pods-flixster-flixsterUITests.debug.xcconfig"; path = "Target Support Files/Pods-flixster-flixsterUITests/Pods-flixster-flixsterUITests.debug.xcconfig"; sourceTree = "<group>"; };
		4034E39B64E7B752AE2AA94B /* Pods-flixster-flixsterUITests.release.xcconfig */ = {isa = PBXFileReference; includeInIndex = 1; lastKnownFileType = text.xcconfig; name = "Pods-flixster-flixsterUITests.release.xcconfig"; path = "Target Support Files/Pods-flixster-flixsterUITests/Pods-flixster-flixsterUITests.release.xcconfig"; sourceTree = "<group>"; };
		59761D5F47A8C9F09F11EB61 /* Pods-flixster.release.xcconfig */ = {isa = PBXFileReference; includeInIndex = 1; lastKnownFileType = text.xcconfig; name = "Pods-flixster.release.xcconfig"; path = "Target Support Files/Pods-flixster/Pods-flixster.release.xcconfig"; sourceTree = "<group>"; };
		636196B5E6EDA170AD9115DF /* Pods-flixsterTests.debug.xcconfig */ = {isa = PBXFileReference; includeInIndex = 1; lastKnownFileType = text.xcconfig; name = "Pods-flixsterTests.debug.xcconfig"; path = "Target Support Files/Pods-flixsterTests/Pods-flixsterTests.debug.xcconfig"; sourceTree = "<group>"; };
		675A9B4A2507483900EA37B5 /* MovieDetailsViewController.swift */ = {isa = PBXFileReference; lastKnownFileType = sourcecode.swift; path = MovieDetailsViewController.swift; sourceTree = "<group>"; };
		675A9B4C250759ED00EA37B5 /* MovieGridViewController.swift */ = {isa = PBXFileReference; lastKnownFileType = sourcecode.swift; path = MovieGridViewController.swift; sourceTree = "<group>"; };
		675A9B4E250766F300EA37B5 /* MovieGridCell.swift */ = {isa = PBXFileReference; lastKnownFileType = sourcecode.swift; path = MovieGridCell.swift; sourceTree = "<group>"; };
		676EBAC0250AFBD200B6DB46 /* SuperheroMovieDetailsViewController.swift */ = {isa = PBXFileReference; lastKnownFileType = sourcecode.swift; path = SuperheroMovieDetailsViewController.swift; sourceTree = "<group>"; };
		676EBAC2250B4DEE00B6DB46 /* SuperheroMovieTrailerViewController.swift */ = {isa = PBXFileReference; lastKnownFileType = sourcecode.swift; path = SuperheroMovieTrailerViewController.swift; sourceTree = "<group>"; };
		67AAA63124FF0CEC005FD566 /* MovieCell.swift */ = {isa = PBXFileReference; lastKnownFileType = sourcecode.swift; path = MovieCell.swift; sourceTree = "<group>"; };
		67E2A5FC24FE28FE00A041C4 /* flixster.app */ = {isa = PBXFileReference; explicitFileType = wrapper.application; includeInIndex = 0; path = flixster.app; sourceTree = BUILT_PRODUCTS_DIR; };
		67E2A5FF24FE28FE00A041C4 /* AppDelegate.swift */ = {isa = PBXFileReference; lastKnownFileType = sourcecode.swift; path = AppDelegate.swift; sourceTree = "<group>"; };
		67E2A60124FE28FE00A041C4 /* SceneDelegate.swift */ = {isa = PBXFileReference; lastKnownFileType = sourcecode.swift; path = SceneDelegate.swift; sourceTree = "<group>"; };
		67E2A60324FE28FE00A041C4 /* ViewController.swift */ = {isa = PBXFileReference; lastKnownFileType = sourcecode.swift; path = ViewController.swift; sourceTree = "<group>"; };
		67E2A60624FE28FE00A041C4 /* Base */ = {isa = PBXFileReference; lastKnownFileType = file.storyboard; name = Base; path = Base.lproj/Main.storyboard; sourceTree = "<group>"; };
		67E2A60824FE290000A041C4 /* Assets.xcassets */ = {isa = PBXFileReference; lastKnownFileType = folder.assetcatalog; path = Assets.xcassets; sourceTree = "<group>"; };
		67E2A60B24FE290000A041C4 /* Base */ = {isa = PBXFileReference; lastKnownFileType = file.storyboard; name = Base; path = Base.lproj/LaunchScreen.storyboard; sourceTree = "<group>"; };
		67E2A60D24FE290000A041C4 /* Info.plist */ = {isa = PBXFileReference; lastKnownFileType = text.plist.xml; path = Info.plist; sourceTree = "<group>"; };
		67E2A61224FE290000A041C4 /* flixsterTests.xctest */ = {isa = PBXFileReference; explicitFileType = wrapper.cfbundle; includeInIndex = 0; path = flixsterTests.xctest; sourceTree = BUILT_PRODUCTS_DIR; };
		67E2A61624FE290000A041C4 /* flixsterTests.swift */ = {isa = PBXFileReference; lastKnownFileType = sourcecode.swift; path = flixsterTests.swift; sourceTree = "<group>"; };
		67E2A61824FE290000A041C4 /* Info.plist */ = {isa = PBXFileReference; lastKnownFileType = text.plist.xml; path = Info.plist; sourceTree = "<group>"; };
		67E2A61D24FE290100A041C4 /* flixsterUITests.xctest */ = {isa = PBXFileReference; explicitFileType = wrapper.cfbundle; includeInIndex = 0; path = flixsterUITests.xctest; sourceTree = BUILT_PRODUCTS_DIR; };
		67E2A62124FE290100A041C4 /* flixsterUITests.swift */ = {isa = PBXFileReference; lastKnownFileType = sourcecode.swift; path = flixsterUITests.swift; sourceTree = "<group>"; };
		67E2A62324FE290100A041C4 /* Info.plist */ = {isa = PBXFileReference; lastKnownFileType = text.plist.xml; path = Info.plist; sourceTree = "<group>"; };
		67E2A62F24FE328800A041C4 /* MoviesViewController.swift */ = {isa = PBXFileReference; lastKnownFileType = sourcecode.swift; path = MoviesViewController.swift; sourceTree = "<group>"; };
		8D172780E2E2CD7C870CEA31 /* Pods_flixster_flixsterUITests.framework */ = {isa = PBXFileReference; explicitFileType = wrapper.framework; includeInIndex = 0; path = Pods_flixster_flixsterUITests.framework; sourceTree = BUILT_PRODUCTS_DIR; };
		C62621DF70F084A90E701A8D /* Pods-flixsterTests.release.xcconfig */ = {isa = PBXFileReference; includeInIndex = 1; lastKnownFileType = text.xcconfig; name = "Pods-flixsterTests.release.xcconfig"; path = "Target Support Files/Pods-flixsterTests/Pods-flixsterTests.release.xcconfig"; sourceTree = "<group>"; };
/* End PBXFileReference section */

/* Begin PBXFrameworksBuildPhase section */
		67E2A5F924FE28FE00A041C4 /* Frameworks */ = {
			isa = PBXFrameworksBuildPhase;
			buildActionMask = 2147483647;
			files = (
				47FAC1F445B2DB595C06C209 /* Pods_flixster.framework in Frameworks */,
			);
			runOnlyForDeploymentPostprocessing = 0;
		};
		67E2A60F24FE290000A041C4 /* Frameworks */ = {
			isa = PBXFrameworksBuildPhase;
			buildActionMask = 2147483647;
			files = (
				D5608940661B66ED1860DE31 /* Pods_flixsterTests.framework in Frameworks */,
			);
			runOnlyForDeploymentPostprocessing = 0;
		};
		67E2A61A24FE290100A041C4 /* Frameworks */ = {
			isa = PBXFrameworksBuildPhase;
			buildActionMask = 2147483647;
			files = (
				3E5BC9827925138FEA34C646 /* Pods_flixster_flixsterUITests.framework in Frameworks */,
			);
			runOnlyForDeploymentPostprocessing = 0;
		};
/* End PBXFrameworksBuildPhase section */

/* Begin PBXGroup section */
		16700558590A52C04F076FEE /* Frameworks */ = {
			isa = PBXGroup;
			children = (
				1676BF0CEF87A562C5DE3872 /* Pods_flixster.framework */,
				8D172780E2E2CD7C870CEA31 /* Pods_flixster_flixsterUITests.framework */,
				382B6F548E0238C053A893BE /* Pods_flixsterTests.framework */,
			);
			name = Frameworks;
			sourceTree = "<group>";
		};
		44054F7B56238F915998A40E /* Pods */ = {
			isa = PBXGroup;
			children = (
				1C80A293755F45B0349FCFB8 /* Pods-flixster.debug.xcconfig */,
				59761D5F47A8C9F09F11EB61 /* Pods-flixster.release.xcconfig */,
				3F4FC87D8A118F2D0CB4494D /* Pods-flixster-flixsterUITests.debug.xcconfig */,
				4034E39B64E7B752AE2AA94B /* Pods-flixster-flixsterUITests.release.xcconfig */,
				636196B5E6EDA170AD9115DF /* Pods-flixsterTests.debug.xcconfig */,
				C62621DF70F084A90E701A8D /* Pods-flixsterTests.release.xcconfig */,
			);
			path = Pods;
			sourceTree = "<group>";
		};
		67E2A5F324FE28FE00A041C4 = {
			isa = PBXGroup;
			children = (
				67E2A5FE24FE28FE00A041C4 /* flixster */,
				67E2A61524FE290000A041C4 /* flixsterTests */,
				67E2A62024FE290100A041C4 /* flixsterUITests */,
				67E2A5FD24FE28FE00A041C4 /* Products */,
				44054F7B56238F915998A40E /* Pods */,
				16700558590A52C04F076FEE /* Frameworks */,
			);
			sourceTree = "<group>";
		};
		67E2A5FD24FE28FE00A041C4 /* Products */ = {
			isa = PBXGroup;
			children = (
				67E2A5FC24FE28FE00A041C4 /* flixster.app */,
				67E2A61224FE290000A041C4 /* flixsterTests.xctest */,
				67E2A61D24FE290100A041C4 /* flixsterUITests.xctest */,
			);
			name = Products;
			sourceTree = "<group>";
		};
		67E2A5FE24FE28FE00A041C4 /* flixster */ = {
			isa = PBXGroup;
			children = (
				67E2A5FF24FE28FE00A041C4 /* AppDelegate.swift */,
				67E2A60124FE28FE00A041C4 /* SceneDelegate.swift */,
				67E2A60324FE28FE00A041C4 /* ViewController.swift */,
				67E2A60524FE28FE00A041C4 /* Main.storyboard */,
				67E2A60824FE290000A041C4 /* Assets.xcassets */,
				67E2A60A24FE290000A041C4 /* LaunchScreen.storyboard */,
				67E2A60D24FE290000A041C4 /* Info.plist */,
				67E2A62F24FE328800A041C4 /* MoviesViewController.swift */,
				67AAA63124FF0CEC005FD566 /* MovieCell.swift */,
				675A9B4A2507483900EA37B5 /* MovieDetailsViewController.swift */,
				675A9B4C250759ED00EA37B5 /* MovieGridViewController.swift */,
				675A9B4E250766F300EA37B5 /* MovieGridCell.swift */,
				676EBAC0250AFBD200B6DB46 /* SuperheroMovieDetailsViewController.swift */,
				676EBAC2250B4DEE00B6DB46 /* SuperheroMovieTrailerViewController.swift */,
			);
			path = flixster;
			sourceTree = "<group>";
		};
		67E2A61524FE290000A041C4 /* flixsterTests */ = {
			isa = PBXGroup;
			children = (
				67E2A61624FE290000A041C4 /* flixsterTests.swift */,
				67E2A61824FE290000A041C4 /* Info.plist */,
			);
			path = flixsterTests;
			sourceTree = "<group>";
		};
		67E2A62024FE290100A041C4 /* flixsterUITests */ = {
			isa = PBXGroup;
			children = (
				67E2A62124FE290100A041C4 /* flixsterUITests.swift */,
				67E2A62324FE290100A041C4 /* Info.plist */,
			);
			path = flixsterUITests;
			sourceTree = "<group>";
		};
/* End PBXGroup section */

/* Begin PBXNativeTarget section */
		67E2A5FB24FE28FE00A041C4 /* flixster */ = {
			isa = PBXNativeTarget;
			buildConfigurationList = 67E2A62624FE290100A041C4 /* Build configuration list for PBXNativeTarget "flixster" */;
			buildPhases = (
				5C3A668937251E4349E234F6 /* [CP] Check Pods Manifest.lock */,
				67E2A5F824FE28FE00A041C4 /* Sources */,
				67E2A5F924FE28FE00A041C4 /* Frameworks */,
				67E2A5FA24FE28FE00A041C4 /* Resources */,
				A70FF3BA20FEF261D5F74D71 /* [CP] Embed Pods Frameworks */,
			);
			buildRules = (
			);
			dependencies = (
			);
			name = flixster;
			productName = flixster;
			productReference = 67E2A5FC24FE28FE00A041C4 /* flixster.app */;
			productType = "com.apple.product-type.application";
		};
		67E2A61124FE290000A041C4 /* flixsterTests */ = {
			isa = PBXNativeTarget;
			buildConfigurationList = 67E2A62924FE290100A041C4 /* Build configuration list for PBXNativeTarget "flixsterTests" */;
			buildPhases = (
				356AA91D2631DEBDA2E42519 /* [CP] Check Pods Manifest.lock */,
				67E2A60E24FE290000A041C4 /* Sources */,
				67E2A60F24FE290000A041C4 /* Frameworks */,
				67E2A61024FE290000A041C4 /* Resources */,
			);
			buildRules = (
			);
			dependencies = (
				67E2A61424FE290000A041C4 /* PBXTargetDependency */,
			);
			name = flixsterTests;
			productName = flixsterTests;
			productReference = 67E2A61224FE290000A041C4 /* flixsterTests.xctest */;
			productType = "com.apple.product-type.bundle.unit-test";
		};
		67E2A61C24FE290100A041C4 /* flixsterUITests */ = {
			isa = PBXNativeTarget;
			buildConfigurationList = 67E2A62C24FE290100A041C4 /* Build configuration list for PBXNativeTarget "flixsterUITests" */;
			buildPhases = (
				EA2F6C8D56EB36A601A49A5A /* [CP] Check Pods Manifest.lock */,
				67E2A61924FE290100A041C4 /* Sources */,
				67E2A61A24FE290100A041C4 /* Frameworks */,
				67E2A61B24FE290100A041C4 /* Resources */,
				EBCF6F454AA8FE8AEF0E156E /* [CP] Embed Pods Frameworks */,
			);
			buildRules = (
			);
			dependencies = (
				67E2A61F24FE290100A041C4 /* PBXTargetDependency */,
			);
			name = flixsterUITests;
			productName = flixsterUITests;
			productReference = 67E2A61D24FE290100A041C4 /* flixsterUITests.xctest */;
			productType = "com.apple.product-type.bundle.ui-testing";
		};
/* End PBXNativeTarget section */

/* Begin PBXProject section */
		67E2A5F424FE28FE00A041C4 /* Project object */ = {
			isa = PBXProject;
			attributes = {
				LastSwiftUpdateCheck = 1150;
				LastUpgradeCheck = 1150;
				ORGANIZATIONNAME = Codepath;
				TargetAttributes = {
					67E2A5FB24FE28FE00A041C4 = {
						CreatedOnToolsVersion = 11.5;
					};
					67E2A61124FE290000A041C4 = {
						CreatedOnToolsVersion = 11.5;
						TestTargetID = 67E2A5FB24FE28FE00A041C4;
					};
					67E2A61C24FE290100A041C4 = {
						CreatedOnToolsVersion = 11.5;
						TestTargetID = 67E2A5FB24FE28FE00A041C4;
					};
				};
			};
			buildConfigurationList = 67E2A5F724FE28FE00A041C4 /* Build configuration list for PBXProject "flixster" */;
			compatibilityVersion = "Xcode 9.3";
			developmentRegion = en;
			hasScannedForEncodings = 0;
			knownRegions = (
				en,
				Base,
			);
			mainGroup = 67E2A5F324FE28FE00A041C4;
			productRefGroup = 67E2A5FD24FE28FE00A041C4 /* Products */;
			projectDirPath = "";
			projectRoot = "";
			targets = (
				67E2A5FB24FE28FE00A041C4 /* flixster */,
				67E2A61124FE290000A041C4 /* flixsterTests */,
				67E2A61C24FE290100A041C4 /* flixsterUITests */,
			);
		};
/* End PBXProject section */

/* Begin PBXResourcesBuildPhase section */
		67E2A5FA24FE28FE00A041C4 /* Resources */ = {
			isa = PBXResourcesBuildPhase;
			buildActionMask = 2147483647;
			files = (
				67E2A60C24FE290000A041C4 /* LaunchScreen.storyboard in Resources */,
				67E2A60924FE290000A041C4 /* Assets.xcassets in Resources */,
				67E2A60724FE28FE00A041C4 /* Main.storyboard in Resources */,
			);
			runOnlyForDeploymentPostprocessing = 0;
		};
		67E2A61024FE290000A041C4 /* Resources */ = {
			isa = PBXResourcesBuildPhase;
			buildActionMask = 2147483647;
			files = (
			);
			runOnlyForDeploymentPostprocessing = 0;
		};
		67E2A61B24FE290100A041C4 /* Resources */ = {
			isa = PBXResourcesBuildPhase;
			buildActionMask = 2147483647;
			files = (
			);
			runOnlyForDeploymentPostprocessing = 0;
		};
/* End PBXResourcesBuildPhase section */

/* Begin PBXShellScriptBuildPhase section */
		356AA91D2631DEBDA2E42519 /* [CP] Check Pods Manifest.lock */ = {
			isa = PBXShellScriptBuildPhase;
			buildActionMask = 2147483647;
			files = (
			);
			inputFileListPaths = (
			);
			inputPaths = (
				"${PODS_PODFILE_DIR_PATH}/Podfile.lock",
				"${PODS_ROOT}/Manifest.lock",
			);
			name = "[CP] Check Pods Manifest.lock";
			outputFileListPaths = (
			);
			outputPaths = (
				"$(DERIVED_FILE_DIR)/Pods-flixsterTests-checkManifestLockResult.txt",
			);
			runOnlyForDeploymentPostprocessing = 0;
			shellPath = /bin/sh;
			shellScript = "diff \"${PODS_PODFILE_DIR_PATH}/Podfile.lock\" \"${PODS_ROOT}/Manifest.lock\" > /dev/null\nif [ $? != 0 ] ; then\n    # print error to STDERR\n    echo \"error: The sandbox is not in sync with the Podfile.lock. Run 'pod install' or update your CocoaPods installation.\" >&2\n    exit 1\nfi\n# This output is used by Xcode 'outputs' to avoid re-running this script phase.\necho \"SUCCESS\" > \"${SCRIPT_OUTPUT_FILE_0}\"\n";
			showEnvVarsInLog = 0;
		};
		5C3A668937251E4349E234F6 /* [CP] Check Pods Manifest.lock */ = {
			isa = PBXShellScriptBuildPhase;
			buildActionMask = 2147483647;
			files = (
			);
			inputFileListPaths = (
			);
			inputPaths = (
				"${PODS_PODFILE_DIR_PATH}/Podfile.lock",
				"${PODS_ROOT}/Manifest.lock",
			);
			name = "[CP] Check Pods Manifest.lock";
			outputFileListPaths = (
			);
			outputPaths = (
				"$(DERIVED_FILE_DIR)/Pods-flixster-checkManifestLockResult.txt",
			);
			runOnlyForDeploymentPostprocessing = 0;
			shellPath = /bin/sh;
			shellScript = "diff \"${PODS_PODFILE_DIR_PATH}/Podfile.lock\" \"${PODS_ROOT}/Manifest.lock\" > /dev/null\nif [ $? != 0 ] ; then\n    # print error to STDERR\n    echo \"error: The sandbox is not in sync with the Podfile.lock. Run 'pod install' or update your CocoaPods installation.\" >&2\n    exit 1\nfi\n# This output is used by Xcode 'outputs' to avoid re-running this script phase.\necho \"SUCCESS\" > \"${SCRIPT_OUTPUT_FILE_0}\"\n";
			showEnvVarsInLog = 0;
		};
		A70FF3BA20FEF261D5F74D71 /* [CP] Embed Pods Frameworks */ = {
			isa = PBXShellScriptBuildPhase;
			buildActionMask = 2147483647;
			files = (
			);
			inputFileListPaths = (
				"${PODS_ROOT}/Target Support Files/Pods-flixster/Pods-flixster-frameworks-${CONFIGURATION}-input-files.xcfilelist",
			);
			name = "[CP] Embed Pods Frameworks";
			outputFileListPaths = (
				"${PODS_ROOT}/Target Support Files/Pods-flixster/Pods-flixster-frameworks-${CONFIGURATION}-output-files.xcfilelist",
			);
			runOnlyForDeploymentPostprocessing = 0;
			shellPath = /bin/sh;
			shellScript = "\"${PODS_ROOT}/Target Support Files/Pods-flixster/Pods-flixster-frameworks.sh\"\n";
			showEnvVarsInLog = 0;
		};
		EA2F6C8D56EB36A601A49A5A /* [CP] Check Pods Manifest.lock */ = {
			isa = PBXShellScriptBuildPhase;
			buildActionMask = 2147483647;
			files = (
			);
			inputFileListPaths = (
			);
			inputPaths = (
				"${PODS_PODFILE_DIR_PATH}/Podfile.lock",
				"${PODS_ROOT}/Manifest.lock",
			);
			name = "[CP] Check Pods Manifest.lock";
			outputFileListPaths = (
			);
			outputPaths = (
				"$(DERIVED_FILE_DIR)/Pods-flixster-flixsterUITests-checkManifestLockResult.txt",
			);
			runOnlyForDeploymentPostprocessing = 0;
			shellPath = /bin/sh;
			shellScript = "diff \"${PODS_PODFILE_DIR_PATH}/Podfile.lock\" \"${PODS_ROOT}/Manifest.lock\" > /dev/null\nif [ $? != 0 ] ; then\n    # print error to STDERR\n    echo \"error: The sandbox is not in sync with the Podfile.lock. Run 'pod install' or update your CocoaPods installation.\" >&2\n    exit 1\nfi\n# This output is used by Xcode 'outputs' to avoid re-running this script phase.\necho \"SUCCESS\" > \"${SCRIPT_OUTPUT_FILE_0}\"\n";
			showEnvVarsInLog = 0;
		};
		EBCF6F454AA8FE8AEF0E156E /* [CP] Embed Pods Frameworks */ = {
			isa = PBXShellScriptBuildPhase;
			buildActionMask = 2147483647;
			files = (
			);
			inputFileListPaths = (
				"${PODS_ROOT}/Target Support Files/Pods-flixster-flixsterUITests/Pods-flixster-flixsterUITests-frameworks-${CONFIGURATION}-input-files.xcfilelist",
			);
			name = "[CP] Embed Pods Frameworks";
			outputFileListPaths = (
				"${PODS_ROOT}/Target Support Files/Pods-flixster-flixsterUITests/Pods-flixster-flixsterUITests-frameworks-${CONFIGURATION}-output-files.xcfilelist",
			);
			runOnlyForDeploymentPostprocessing = 0;
			shellPath = /bin/sh;
			shellScript = "\"${PODS_ROOT}/Target Support Files/Pods-flixster-flixsterUITests/Pods-flixster-flixsterUITests-frameworks.sh\"\n";
			showEnvVarsInLog = 0;
		};
/* End PBXShellScriptBuildPhase section */

/* Begin PBXSourcesBuildPhase section */
		67E2A5F824FE28FE00A041C4 /* Sources */ = {
			isa = PBXSourcesBuildPhase;
			buildActionMask = 2147483647;
			files = (
				67E2A60424FE28FE00A041C4 /* ViewController.swift in Sources */,
				67E2A60024FE28FE00A041C4 /* AppDelegate.swift in Sources */,
				675A9B4B2507483900EA37B5 /* MovieDetailsViewController.swift in Sources */,
				676EBAC3250B4DEE00B6DB46 /* SuperheroMovieTrailerViewController.swift in Sources */,
				675A9B4D250759ED00EA37B5 /* MovieGridViewController.swift in Sources */,
				675A9B4F250766F300EA37B5 /* MovieGridCell.swift in Sources */,
				67E2A60224FE28FE00A041C4 /* SceneDelegate.swift in Sources */,
				67AAA63224FF0CEC005FD566 /* MovieCell.swift in Sources */,
				67E2A63024FE328800A041C4 /* MoviesViewController.swift in Sources */,
				676EBAC1250AFBD200B6DB46 /* SuperheroMovieDetailsViewController.swift in Sources */,
			);
			runOnlyForDeploymentPostprocessing = 0;
		};
		67E2A60E24FE290000A041C4 /* Sources */ = {
			isa = PBXSourcesBuildPhase;
			buildActionMask = 2147483647;
			files = (
				67E2A61724FE290000A041C4 /* flixsterTests.swift in Sources */,
			);
			runOnlyForDeploymentPostprocessing = 0;
		};
		67E2A61924FE290100A041C4 /* Sources */ = {
			isa = PBXSourcesBuildPhase;
			buildActionMask = 2147483647;
			files = (
				67E2A62224FE290100A041C4 /* flixsterUITests.swift in Sources */,
			);
			runOnlyForDeploymentPostprocessing = 0;
		};
/* End PBXSourcesBuildPhase section */

/* Begin PBXTargetDependency section */
		67E2A61424FE290000A041C4 /* PBXTargetDependency */ = {
			isa = PBXTargetDependency;
			target = 67E2A5FB24FE28FE00A041C4 /* flixster */;
			targetProxy = 67E2A61324FE290000A041C4 /* PBXContainerItemProxy */;
		};
		67E2A61F24FE290100A041C4 /* PBXTargetDependency */ = {
			isa = PBXTargetDependency;
			target = 67E2A5FB24FE28FE00A041C4 /* flixster */;
			targetProxy = 67E2A61E24FE290100A041C4 /* PBXContainerItemProxy */;
		};
/* End PBXTargetDependency section */

/* Begin PBXVariantGroup section */
		67E2A60524FE28FE00A041C4 /* Main.storyboard */ = {
			isa = PBXVariantGroup;
			children = (
				67E2A60624FE28FE00A041C4 /* Base */,
			);
			name = Main.storyboard;
			sourceTree = "<group>";
		};
		67E2A60A24FE290000A041C4 /* LaunchScreen.storyboard */ = {
			isa = PBXVariantGroup;
			children = (
				67E2A60B24FE290000A041C4 /* Base */,
			);
			name = LaunchScreen.storyboard;
			sourceTree = "<group>";
		};
/* End PBXVariantGroup section */

/* Begin XCBuildConfiguration section */
		67E2A62424FE290100A041C4 /* Debug */ = {
			isa = XCBuildConfiguration;
			buildSettings = {
				ALWAYS_SEARCH_USER_PATHS = NO;
				CLANG_ANALYZER_NONNULL = YES;
				CLANG_ANALYZER_NUMBER_OBJECT_CONVERSION = YES_AGGRESSIVE;
				CLANG_CXX_LANGUAGE_STANDARD = "gnu++14";
				CLANG_CXX_LIBRARY = "libc++";
				CLANG_ENABLE_MODULES = YES;
				CLANG_ENABLE_OBJC_ARC = YES;
				CLANG_ENABLE_OBJC_WEAK = YES;
				CLANG_WARN_BLOCK_CAPTURE_AUTORELEASING = YES;
				CLANG_WARN_BOOL_CONVERSION = YES;
				CLANG_WARN_COMMA = YES;
				CLANG_WARN_CONSTANT_CONVERSION = YES;
				CLANG_WARN_DEPRECATED_OBJC_IMPLEMENTATIONS = YES;
				CLANG_WARN_DIRECT_OBJC_ISA_USAGE = YES_ERROR;
				CLANG_WARN_DOCUMENTATION_COMMENTS = YES;
				CLANG_WARN_EMPTY_BODY = YES;
				CLANG_WARN_ENUM_CONVERSION = YES;
				CLANG_WARN_INFINITE_RECURSION = YES;
				CLANG_WARN_INT_CONVERSION = YES;
				CLANG_WARN_NON_LITERAL_NULL_CONVERSION = YES;
				CLANG_WARN_OBJC_IMPLICIT_RETAIN_SELF = YES;
				CLANG_WARN_OBJC_LITERAL_CONVERSION = YES;
				CLANG_WARN_OBJC_ROOT_CLASS = YES_ERROR;
				CLANG_WARN_RANGE_LOOP_ANALYSIS = YES;
				CLANG_WARN_STRICT_PROTOTYPES = YES;
				CLANG_WARN_SUSPICIOUS_MOVE = YES;
				CLANG_WARN_UNGUARDED_AVAILABILITY = YES_AGGRESSIVE;
				CLANG_WARN_UNREACHABLE_CODE = YES;
				CLANG_WARN__DUPLICATE_METHOD_MATCH = YES;
				COPY_PHASE_STRIP = NO;
				DEBUG_INFORMATION_FORMAT = dwarf;
				ENABLE_STRICT_OBJC_MSGSEND = YES;
				ENABLE_TESTABILITY = YES;
				GCC_C_LANGUAGE_STANDARD = gnu11;
				GCC_DYNAMIC_NO_PIC = NO;
				GCC_NO_COMMON_BLOCKS = YES;
				GCC_OPTIMIZATION_LEVEL = 0;
				GCC_PREPROCESSOR_DEFINITIONS = (
					"DEBUG=1",
					"$(inherited)",
				);
				GCC_WARN_64_TO_32_BIT_CONVERSION = YES;
				GCC_WARN_ABOUT_RETURN_TYPE = YES_ERROR;
				GCC_WARN_UNDECLARED_SELECTOR = YES;
				GCC_WARN_UNINITIALIZED_AUTOS = YES_AGGRESSIVE;
				GCC_WARN_UNUSED_FUNCTION = YES;
				GCC_WARN_UNUSED_VARIABLE = YES;
				IPHONEOS_DEPLOYMENT_TARGET = 13.5;
				MTL_ENABLE_DEBUG_INFO = INCLUDE_SOURCE;
				MTL_FAST_MATH = YES;
				ONLY_ACTIVE_ARCH = YES;
				SDKROOT = iphoneos;
				SWIFT_ACTIVE_COMPILATION_CONDITIONS = DEBUG;
				SWIFT_OPTIMIZATION_LEVEL = "-Onone";
			};
			name = Debug;
		};
		67E2A62524FE290100A041C4 /* Release */ = {
			isa = XCBuildConfiguration;
			buildSettings = {
				ALWAYS_SEARCH_USER_PATHS = NO;
				CLANG_ANALYZER_NONNULL = YES;
				CLANG_ANALYZER_NUMBER_OBJECT_CONVERSION = YES_AGGRESSIVE;
				CLANG_CXX_LANGUAGE_STANDARD = "gnu++14";
				CLANG_CXX_LIBRARY = "libc++";
				CLANG_ENABLE_MODULES = YES;
				CLANG_ENABLE_OBJC_ARC = YES;
				CLANG_ENABLE_OBJC_WEAK = YES;
				CLANG_WARN_BLOCK_CAPTURE_AUTORELEASING = YES;
				CLANG_WARN_BOOL_CONVERSION = YES;
				CLANG_WARN_COMMA = YES;
				CLANG_WARN_CONSTANT_CONVERSION = YES;
				CLANG_WARN_DEPRECATED_OBJC_IMPLEMENTATIONS = YES;
				CLANG_WARN_DIRECT_OBJC_ISA_USAGE = YES_ERROR;
				CLANG_WARN_DOCUMENTATION_COMMENTS = YES;
				CLANG_WARN_EMPTY_BODY = YES;
				CLANG_WARN_ENUM_CONVERSION = YES;
				CLANG_WARN_INFINITE_RECURSION = YES;
				CLANG_WARN_INT_CONVERSION = YES;
				CLANG_WARN_NON_LITERAL_NULL_CONVERSION = YES;
				CLANG_WARN_OBJC_IMPLICIT_RETAIN_SELF = YES;
				CLANG_WARN_OBJC_LITERAL_CONVERSION = YES;
				CLANG_WARN_OBJC_ROOT_CLASS = YES_ERROR;
				CLANG_WARN_RANGE_LOOP_ANALYSIS = YES;
				CLANG_WARN_STRICT_PROTOTYPES = YES;
				CLANG_WARN_SUSPICIOUS_MOVE = YES;
				CLANG_WARN_UNGUARDED_AVAILABILITY = YES_AGGRESSIVE;
				CLANG_WARN_UNREACHABLE_CODE = YES;
				CLANG_WARN__DUPLICATE_METHOD_MATCH = YES;
				COPY_PHASE_STRIP = NO;
				DEBUG_INFORMATION_FORMAT = "dwarf-with-dsym";
				ENABLE_NS_ASSERTIONS = NO;
				ENABLE_STRICT_OBJC_MSGSEND = YES;
				GCC_C_LANGUAGE_STANDARD = gnu11;
				GCC_NO_COMMON_BLOCKS = YES;
				GCC_WARN_64_TO_32_BIT_CONVERSION = YES;
				GCC_WARN_ABOUT_RETURN_TYPE = YES_ERROR;
				GCC_WARN_UNDECLARED_SELECTOR = YES;
				GCC_WARN_UNINITIALIZED_AUTOS = YES_AGGRESSIVE;
				GCC_WARN_UNUSED_FUNCTION = YES;
				GCC_WARN_UNUSED_VARIABLE = YES;
				IPHONEOS_DEPLOYMENT_TARGET = 13.5;
				MTL_ENABLE_DEBUG_INFO = NO;
				MTL_FAST_MATH = YES;
				SDKROOT = iphoneos;
				SWIFT_COMPILATION_MODE = wholemodule;
				SWIFT_OPTIMIZATION_LEVEL = "-O";
				VALIDATE_PRODUCT = YES;
			};
			name = Release;
		};
		67E2A62724FE290100A041C4 /* Debug */ = {
			isa = XCBuildConfiguration;
			baseConfigurationReference = 1C80A293755F45B0349FCFB8 /* Pods-flixster.debug.xcconfig */;
			buildSettings = {
				ASSETCATALOG_COMPILER_APPICON_NAME = AppIcon;
				CODE_SIGN_STYLE = Automatic;
				DEVELOPMENT_TEAM = PGDHY228LG;
				INFOPLIST_FILE = flixster/Info.plist;
				LD_RUNPATH_SEARCH_PATHS = (
					"$(inherited)",
					"@executable_path/Frameworks",
				);
				PRODUCT_BUNDLE_IDENTIFIER = Codepath.flixster;
				PRODUCT_NAME = "$(TARGET_NAME)";
				SWIFT_VERSION = 5.0;
				TARGETED_DEVICE_FAMILY = "1,2";
			};
			name = Debug;
		};
		67E2A62824FE290100A041C4 /* Release */ = {
			isa = XCBuildConfiguration;
			baseConfigurationReference = 59761D5F47A8C9F09F11EB61 /* Pods-flixster.release.xcconfig */;
			buildSettings = {
				ASSETCATALOG_COMPILER_APPICON_NAME = AppIcon;
				CODE_SIGN_STYLE = Automatic;
				DEVELOPMENT_TEAM = PGDHY228LG;
				INFOPLIST_FILE = flixster/Info.plist;
				LD_RUNPATH_SEARCH_PATHS = (
					"$(inherited)",
					"@executable_path/Frameworks",
				);
				PRODUCT_BUNDLE_IDENTIFIER = Codepath.flixster;
				PRODUCT_NAME = "$(TARGET_NAME)";
				SWIFT_VERSION = 5.0;
				TARGETED_DEVICE_FAMILY = "1,2";
			};
			name = Release;
		};
		67E2A62A24FE290100A041C4 /* Debug */ = {
			isa = XCBuildConfiguration;
			baseConfigurationReference = 636196B5E6EDA170AD9115DF /* Pods-flixsterTests.debug.xcconfig */;
			buildSettings = {
				ALWAYS_EMBED_SWIFT_STANDARD_LIBRARIES = YES;
				BUNDLE_LOADER = "$(TEST_HOST)";
				CODE_SIGN_STYLE = Automatic;
				INFOPLIST_FILE = flixsterTests/Info.plist;
				IPHONEOS_DEPLOYMENT_TARGET = 13.5;
				LD_RUNPATH_SEARCH_PATHS = (
					"$(inherited)",
					"@executable_path/Frameworks",
					"@loader_path/Frameworks",
				);
				PRODUCT_BUNDLE_IDENTIFIER = Codepath.flixsterTests;
				PRODUCT_NAME = "$(TARGET_NAME)";
				SWIFT_VERSION = 5.0;
				TARGETED_DEVICE_FAMILY = "1,2";
				TEST_HOST = "$(BUILT_PRODUCTS_DIR)/flixster.app/flixster";
			};
			name = Debug;
		};
		67E2A62B24FE290100A041C4 /* Release */ = {
			isa = XCBuildConfiguration;
			baseConfigurationReference = C62621DF70F084A90E701A8D /* Pods-flixsterTests.release.xcconfig */;
			buildSettings = {
				ALWAYS_EMBED_SWIFT_STANDARD_LIBRARIES = YES;
				BUNDLE_LOADER = "$(TEST_HOST)";
				CODE_SIGN_STYLE = Automatic;
				INFOPLIST_FILE = flixsterTests/Info.plist;
				IPHONEOS_DEPLOYMENT_TARGET = 13.5;
				LD_RUNPATH_SEARCH_PATHS = (
					"$(inherited)",
					"@executable_path/Frameworks",
					"@loader_path/Frameworks",
				);
				PRODUCT_BUNDLE_IDENTIFIER = Codepath.flixsterTests;
				PRODUCT_NAME = "$(TARGET_NAME)";
				SWIFT_VERSION = 5.0;
				TARGETED_DEVICE_FAMILY = "1,2";
				TEST_HOST = "$(BUILT_PRODUCTS_DIR)/flixster.app/flixster";
			};
			name = Release;
		};
		67E2A62D24FE290100A041C4 /* Debug */ = {
			isa = XCBuildConfiguration;
			baseConfigurationReference = 3F4FC87D8A118F2D0CB4494D /* Pods-flixster-flixsterUITests.debug.xcconfig */;
			buildSettings = {
				ALWAYS_EMBED_SWIFT_STANDARD_LIBRARIES = YES;
				CODE_SIGN_STYLE = Automatic;
				INFOPLIST_FILE = flixsterUITests/Info.plist;
				LD_RUNPATH_SEARCH_PATHS = (
					"$(inherited)",
					"@executable_path/Frameworks",
					"@loader_path/Frameworks",
				);
				PRODUCT_BUNDLE_IDENTIFIER = Codepath.flixsterUITests;
				PRODUCT_NAME = "$(TARGET_NAME)";
				SWIFT_VERSION = 5.0;
				TARGETED_DEVICE_FAMILY = "1,2";
				TEST_TARGET_NAME = flixster;
			};
			name = Debug;
		};
		67E2A62E24FE290100A041C4 /* Release */ = {
			isa = XCBuildConfiguration;
			baseConfigurationReference = 4034E39B64E7B752AE2AA94B /* Pods-flixster-flixsterUITests.release.xcconfig */;
			buildSettings = {
				ALWAYS_EMBED_SWIFT_STANDARD_LIBRARIES = YES;
				CODE_SIGN_STYLE = Automatic;
				INFOPLIST_FILE = flixsterUITests/Info.plist;
				LD_RUNPATH_SEARCH_PATHS = (
					"$(inherited)",
					"@executable_path/Frameworks",
					"@loader_path/Frameworks",
				);
				PRODUCT_BUNDLE_IDENTIFIER = Codepath.flixsterUITests;
				PRODUCT_NAME = "$(TARGET_NAME)";
				SWIFT_VERSION = 5.0;
				TARGETED_DEVICE_FAMILY = "1,2";
				TEST_TARGET_NAME = flixster;
			};
			name = Release;
		};
/* End XCBuildConfiguration section */

/* Begin XCConfigurationList section */
		67E2A5F724FE28FE00A041C4 /* Build configuration list for PBXProject "flixster" */ = {
			isa = XCConfigurationList;
			buildConfigurations = (
				67E2A62424FE290100A041C4 /* Debug */,
				67E2A62524FE290100A041C4 /* Release */,
			);
			defaultConfigurationIsVisible = 0;
			defaultConfigurationName = Release;
		};
		67E2A62624FE290100A041C4 /* Build configuration list for PBXNativeTarget "flixster" */ = {
			isa = XCConfigurationList;
			buildConfigurations = (
				67E2A62724FE290100A041C4 /* Debug */,
				67E2A62824FE290100A041C4 /* Release */,
			);
			defaultConfigurationIsVisible = 0;
			defaultConfigurationName = Release;
		};
		67E2A62924FE290100A041C4 /* Build configuration list for PBXNativeTarget "flixsterTests" */ = {
			isa = XCConfigurationList;
			buildConfigurations = (
				67E2A62A24FE290100A041C4 /* Debug */,
				67E2A62B24FE290100A041C4 /* Release */,
			);
			defaultConfigurationIsVisible = 0;
			defaultConfigurationName = Release;
		};
		67E2A62C24FE290100A041C4 /* Build configuration list for PBXNativeTarget "flixsterUITests" */ = {
			isa = XCConfigurationList;
			buildConfigurations = (
				67E2A62D24FE290100A041C4 /* Debug */,
				67E2A62E24FE290100A041C4 /* Release */,
			);
			defaultConfigurationIsVisible = 0;
			defaultConfigurationName = Release;
		};
/* End XCConfigurationList section */
	};
	rootObject = 67E2A5F424FE28FE00A041C4 /* Project object */;
}
